{
  "name": "acme",
  "lockfileVersion": 2,
  "requires": true,
  "packages": {
    "": {
      "dependencies": {
        "mbr-pem": "^0.0.1",
        "mbr-queue": "^2.1.0"
      }
    },
    "node_modules/mbr-pem": {
      "version": "0.0.1",
      "resolved": "https://registry.npmjs.org/mbr-pem/-/mbr-pem-0.0.1.tgz",
      "integrity": "sha512-0Z4dnUSCc0pDxcKc42qVOwi8iqW0dBsS/nK6I1ElQXyTmYwil2HtXlA6RHbJmAwXZlMuCfomr0W4T70didpjFg=="
    },
    "node_modules/mbr-queue": {
      "version": "2.1.0",
      "resolved": "https://registry.npmjs.org/mbr-queue/-/mbr-queue-2.1.0.tgz",
      "integrity": "sha512-Esy4732pLSmCl8Bxia3k6EKVOmKUupjRtiZi6bbl4DUTcH0+83BH+EFmhRM07ckPPYi7rd5YfTz46zwgnS+7HQ=="
    }
  },
  "dependencies": {
    "mbr-pem": {
      "version": "0.0.1",
      "resolved": "https://registry.npmjs.org/mbr-pem/-/mbr-pem-0.0.1.tgz",
      "integrity": "sha512-0Z4dnUSCc0pDxcKc42qVOwi8iqW0dBsS/nK6I1ElQXyTmYwil2HtXlA6RHbJmAwXZlMuCfomr0W4T70didpjFg=="
    },
    "mbr-queue": {
      "version": "2.1.0",
      "resolved": "https://registry.npmjs.org/mbr-queue/-/mbr-queue-2.1.0.tgz",
      "integrity": "sha512-Esy4732pLSmCl8Bxia3k6EKVOmKUupjRtiZi6bbl4DUTcH0+83BH+EFmhRM07ckPPYi7rd5YfTz46zwgnS+7HQ=="
    }
  }
}
