{
  "name": "mbr-acme",
  "version": "0.0.2",
  "lockfileVersion": 2,
  "requires": true,
  "packages": {
    "": {
      "name": "mbr-acme",
      "version": "0.0.2",
      "license": "ISC",
      "dependencies": {
        "mbr-pem": "^0.0.3",
        "mbr-queue": "^2.2.0"
      },
      "devDependencies": {}
    },
    "node_modules/mbr-pem": {
      "version": "0.0.3",
      "resolved": "https://registry.npmjs.org/mbr-pem/-/mbr-pem-0.0.3.tgz",
      "integrity": "sha512-wMN4Hw0JO4LXc9VqrywGDv99AVZyyxmiJe1gEG0coPWI3j4TTY00Da2sqWmnd4kFoMyh1oODMmMsv0oF8SMOPw=="
    },
    "node_modules/mbr-queue": {
      "version": "2.2.0",
      "resolved": "https://registry.npmjs.org/mbr-queue/-/mbr-queue-2.2.0.tgz",
      "integrity": "sha512-yMMryTumDN0YVktiHA3fuAgYVMbxRtqOmDSfAAIigmSKUXiwRJMsSLyf6fOv85Ax7ae7ivs2FoAbSglAftC2ig=="
    }
  },
  "dependencies": {
    "mbr-pem": {
      "version": "0.0.3",
      "resolved": "https://registry.npmjs.org/mbr-pem/-/mbr-pem-0.0.3.tgz",
      "integrity": "sha512-wMN4Hw0JO4LXc9VqrywGDv99AVZyyxmiJe1gEG0coPWI3j4TTY00Da2sqWmnd4kFoMyh1oODMmMsv0oF8SMOPw=="
    },
    "mbr-queue": {
      "version": "2.2.0",
      "resolved": "https://registry.npmjs.org/mbr-queue/-/mbr-queue-2.2.0.tgz",
      "integrity": "sha512-yMMryTumDN0YVktiHA3fuAgYVMbxRtqOmDSfAAIigmSKUXiwRJMsSLyf6fOv85Ax7ae7ivs2FoAbSglAftC2ig=="
    }
  }
}
